
Microsoft Visual Studio Solution File, Format Version 12.00
# Visual Studio Version 17
VisualStudioVersion = 17.3.32922.545
MinimumVisualStudioVersion = 10.0.40219.1
Project("{FAE04EC0-301F-11D3-BF4B-00C04F79EFBC}") = "LING-Query-zadatak-sintaksa", "LING-Query-zadatak-sintaksa\LING-Query-zadatak-sintaksa.csproj", "{FB573D6C-8520-4AC0-9D56-4FC298FB9B10}"
EndProject
Global
	GlobalSection(SolutionConfigurationPlatforms) = preSolution
		Debug|Any CPU = Debug|Any CPU
		Release|Any CPU = Release|Any CPU
	EndGlobalSection
	GlobalSection(ProjectConfigurationPlatforms) = postSolution
		{FB573D6C-8520-4AC0-9D56-4FC298FB9B10}.Debug|Any CPU.ActiveCfg = Debug|Any CPU
		{FB573D6C-8520-4AC0-9D56-4FC298FB9B10}.Debug|Any CPU.Build.0 = Debug|Any CPU
		{FB573D6C-8520-4AC0-9D56-4FC298FB9B10}.Release|Any CPU.ActiveCfg = Release|Any CPU
		{FB573D6C-8520-4AC0-9D56-4FC298FB9B10}.Release|Any CPU.Build.0 = Release|Any CPU
	EndGlobalSection
	GlobalSection(SolutionProperties) = preSolution
		HideSolutionNode = FALSE
	EndGlobalSection
	GlobalSection(ExtensibilityGlobals) = postSolution
		SolutionGuid = {7F833061-D98B-4639-A23D-8CA8D561EE2E}
	EndGlobalSection
EndGlobal
